
Microsoft Visual Studio Solution File, Format Version 12.00
# Visual Studio Version 16
VisualStudioVersion = 16.0.30320.27
MinimumVisualStudioVersion = 10.0.40219.1
Project("{FAE04EC0-301F-11D3-BF4B-00C04F79EFBC}") = "SE245_LAB4_wamar_Part1", "SE245_LAB4_wamar_Part1.csproj", "{8CDA7A1A-DE09-46B5-BF40-2D26CC3732C1}"
EndProject
Global
	GlobalSection(SolutionConfigurationPlatforms) = preSolution
		Debug|Any CPU = Debug|Any CPU
		Release|Any CPU = Release|Any CPU
	EndGlobalSection
	GlobalSection(ProjectConfigurationPlatforms) = postSolution
		{8CDA7A1A-DE09-46B5-BF40-2D26CC3732C1}.Debug|Any CPU.ActiveCfg = Debug|Any CPU
		{8CDA7A1A-DE09-46B5-BF40-2D26CC3732C1}.Debug|Any CPU.Build.0 = Debug|Any CPU
		{8CDA7A1A-DE09-46B5-BF40-2D26CC3732C1}.Release|Any CPU.ActiveCfg = Release|Any CPU
		{8CDA7A1A-DE09-46B5-BF40-2D26CC3732C1}.Release|Any CPU.Build.0 = Release|Any CPU
	EndGlobalSection
	GlobalSection(SolutionProperties) = preSolution
		HideSolutionNode = FALSE
	EndGlobalSection
	GlobalSection(ExtensibilityGlobals) = postSolution
		SolutionGuid = {04BE02FD-247E-4650-9FEB-C5E2F2B1EF4F}
	EndGlobalSection
EndGlobal
